# This file is automatically @generated by Poetry 1.8.3 and should not be changed by hand.

[[package]]
name = "redis"
version = "5.0.7"
description = "Python client for Redis database and key-value store"
optional = false
python-versions = ">=3.7"
files = [
    {file = "redis-5.0.7-py3-none-any.whl", hash = "sha256:0e479e24da960c690be5d9b96d21f7b918a98c0cf49af3b6fafaa0753f93a0db"},
    {file = "redis-5.0.7.tar.gz", hash = "sha256:8f611490b93c8109b50adc317b31bfd84fff31def3475b92e7e80bf39f48175b"},
]

[package.extras]
hiredis = ["hiredis (>=1.0.0)"]
ocsp = ["cryptography (>=36.0.1)", "pyopenssl (==20.0.1)", "requests (>=2.26.0)"]

[metadata]
lock-version = "2.0"
python-versions = "^3.12"
content-hash = "97dea957046e0ac89575506180be9e5fd327a49bb1d43eae454a0d19ffa133a5"
